
Microsoft Visual Studio Solution File, Format Version 12.00
# Visual Studio Version 16
VisualStudioVersion = 16.0.29009.5
MinimumVisualStudioVersion = 10.0.40219.1
Project("{FAE04EC0-301F-11D3-BF4B-00C04F79EFBC}") = "CSharpLecture3", "CSharpLecture3.csproj", "{6320A9DB-AED6-48AE-815F-8CB56999F07A}"
EndProject
Global
	GlobalSection(SolutionConfigurationPlatforms) = preSolution
		Debug|Any CPU = Debug|Any CPU
		Release|Any CPU = Release|Any CPU
	EndGlobalSection
	GlobalSection(ProjectConfigurationPlatforms) = postSolution
		{6320A9DB-AED6-48AE-815F-8CB56999F07A}.Debug|Any CPU.ActiveCfg = Debug|Any CPU
		{6320A9DB-AED6-48AE-815F-8CB56999F07A}.Debug|Any CPU.Build.0 = Debug|Any CPU
		{6320A9DB-AED6-48AE-815F-8CB56999F07A}.Release|Any CPU.ActiveCfg = Release|Any CPU
		{6320A9DB-AED6-48AE-815F-8CB56999F07A}.Release|Any CPU.Build.0 = Release|Any CPU
	EndGlobalSection
	GlobalSection(SolutionProperties) = preSolution
		HideSolutionNode = FALSE
	EndGlobalSection
	GlobalSection(ExtensibilityGlobals) = postSolution
		SolutionGuid = {B423D1D1-C055-452A-ABC7-C0747D0466D5}
	EndGlobalSection
EndGlobal
